# This file was autogenerated by Stack.
# You should not edit this file by hand.
# For more information, please see the documentation at:
#   https://docs.haskellstack.org/en/stable/lock_files

snapshots:
- original:
    url: https://raw.githubusercontent.com/commercialhaskell/stackage-snapshots/master/lts/17/9.yaml
  completed:
    sha256: d7d8d5106e53d1669964bd8bd2b0f88a5ad192d772f5376384b76738fd992311
    url: https://raw.githubusercontent.com/commercialhaskell/stackage-snapshots/master/lts/17/9.yaml
    size: 567037
packages:
- original:
    hackage: kansas-comet-0.4@sha256:72330f1953abed85fc306ace742d975296a3b3a806c9db90dc793161b60c2846,1737
  completed:
    pantry-tree:
      sha256: b93fb744a9979ae6e8638a02711f9222cfd1d0d7d8559a188ba8d87f80ec9313
      size: 383
    hackage: kansas-comet-0.4@sha256:72330f1953abed85fc306ace742d975296a3b3a806c9db90dc793161b60c2846,1737
- original:
    hackage: blank-canvas-0.7.3
  completed:
    pantry-tree:
      sha256: 666b7259cd7ae243ec41962690c922e0ea9124b32b5cf59be4f9419b129e97af
      size: 1495
    hackage: blank-canvas-0.7.3@sha256:71d7b0d2c85cbc4f435616df339d984364745a2c93c2152eb6f92934da41db02,5103
